
Microsoft Visual Studio Solution File, Format Version 12.00
# Visual Studio Version 17
VisualStudioVersion = 17.13.35825.156 d17.13
MinimumVisualStudioVersion = 10.0.40219.1
Project("{FAE04EC0-301F-11D3-BF4B-00C04F79EFBC}") = "OCR.Api", "OCR.Api\OCR.Api.csproj", "{3E3F997C-BA78-4119-9622-EF5B00955C4C}"
EndProject
Project("{FAE04EC0-301F-11D3-BF4B-00C04F79EFBC}") = "OCR.Domain", "OCR.Domain\OCR.Domain.csproj", "{E342F465-A053-41BF-9F58-353C7382443B}"
EndProject
Project("{FAE04EC0-301F-11D3-BF4B-00C04F79EFBC}") = "OCR.Application", "OCR.Application\OCR.Application.csproj", "{DF93D257-6F64-4D5D-87D0-7DBE8D247127}"
EndProject
Global
	GlobalSection(SolutionConfigurationPlatforms) = preSolution
		Debug|Any CPU = Debug|Any CPU
		Release|Any CPU = Release|Any CPU
	EndGlobalSection
	GlobalSection(ProjectConfigurationPlatforms) = postSolution
		{3E3F997C-BA78-4119-9622-EF5B00955C4C}.Debug|Any CPU.ActiveCfg = Debug|Any CPU
		{3E3F997C-BA78-4119-9622-EF5B00955C4C}.Debug|Any CPU.Build.0 = Debug|Any CPU
		{3E3F997C-BA78-4119-9622-EF5B00955C4C}.Release|Any CPU.ActiveCfg = Release|Any CPU
		{3E3F997C-BA78-4119-9622-EF5B00955C4C}.Release|Any CPU.Build.0 = Release|Any CPU
		{E342F465-A053-41BF-9F58-353C7382443B}.Debug|Any CPU.ActiveCfg = Debug|Any CPU
		{E342F465-A053-41BF-9F58-353C7382443B}.Debug|Any CPU.Build.0 = Debug|Any CPU
		{E342F465-A053-41BF-9F58-353C7382443B}.Release|Any CPU.ActiveCfg = Release|Any CPU
		{E342F465-A053-41BF-9F58-353C7382443B}.Release|Any CPU.Build.0 = Release|Any CPU
		{DF93D257-6F64-4D5D-87D0-7DBE8D247127}.Debug|Any CPU.ActiveCfg = Debug|Any CPU
		{DF93D257-6F64-4D5D-87D0-7DBE8D247127}.Debug|Any CPU.Build.0 = Debug|Any CPU
		{DF93D257-6F64-4D5D-87D0-7DBE8D247127}.Release|Any CPU.ActiveCfg = Release|Any CPU
		{DF93D257-6F64-4D5D-87D0-7DBE8D247127}.Release|Any CPU.Build.0 = Release|Any CPU
	EndGlobalSection
	GlobalSection(SolutionProperties) = preSolution
		HideSolutionNode = FALSE
	EndGlobalSection
	GlobalSection(ExtensibilityGlobals) = postSolution
		SolutionGuid = {990F70E8-797B-4194-BC97-9401A9DB73AF}
	EndGlobalSection
EndGlobal
